
Microsoft Visual Studio Solution File, Format Version 12.00
# Visual Studio Version 16
VisualStudioVersion = 16.0.30002.166
MinimumVisualStudioVersion = 10.0.40219.1
Project("{FAE04EC0-301F-11D3-BF4B-00C04F79EFBC}") = "PriceCalculator.DAL", "PriceCalculator.DAL\PriceCalculator.DAL.csproj", "{CCA06855-E0F2-4B20-AE03-A20A1FA3C8F1}"
EndProject
Project("{FAE04EC0-301F-11D3-BF4B-00C04F79EFBC}") = "PriceCalculator.Windows", "PriceCalculator.Windows\PriceCalculator.Windows.csproj", "{DE29745D-ACCA-4DF7-B8E2-64E4E4698A17}"
EndProject
Project("{FAE04EC0-301F-11D3-BF4B-00C04F79EFBC}") = "PriceCalculator.BLL", "PriceCalculator.BLL\PriceCalculator.BLL.csproj", "{DDEB18BE-523C-43A9-AB57-903BD27F3B08}"
EndProject
Project("{FAE04EC0-301F-11D3-BF4B-00C04F79EFBC}") = "PriceCalculator.Xamarin.UWP", "PriceCalculator.Xamarin\PriceCalculator.Xamarin.UWP\PriceCalculator.Xamarin.UWP.csproj", "{0DC12C28-541F-4225-BE84-A7570BD8D2E9}"
EndProject
Project("{FAE04EC0-301F-11D3-BF4B-00C04F79EFBC}") = "PriceCalculator.Xamarin.Android", "PriceCalculator.Xamarin\PriceCalculator.Xamarin.Android\PriceCalculator.Xamarin.Android.csproj", "{95DC4D89-0720-4227-8FC1-BB732ADB8E1C}"
EndProject
Project("{FAE04EC0-301F-11D3-BF4B-00C04F79EFBC}") = "PriceCalculator.Xamarin.iOS", "PriceCalculator.Xamarin\PriceCalculator.Xamarin.iOS\PriceCalculator.Xamarin.iOS.csproj", "{4FD51D24-AEC3-4DC2-B648-7F4AE5173BCA}"
EndProject
Project("{FAE04EC0-301F-11D3-BF4B-00C04F79EFBC}") = "PriceCalculator.Xamarin", "PriceCalculator.Xamarin\PriceCalculator.Xamarin\PriceCalculator.Xamarin.csproj", "{ADE7F721-65A4-4CB1-A46A-AF9866F2AC51}"
EndProject
Global
	GlobalSection(SolutionConfigurationPlatforms) = preSolution
		Debug|Any CPU = Debug|Any CPU
		Debug|ARM = Debug|ARM
		Debug|iPhone = Debug|iPhone
		Debug|iPhoneSimulator = Debug|iPhoneSimulator
		Debug|x64 = Debug|x64
		Debug|x86 = Debug|x86
		Release|Any CPU = Release|Any CPU
		Release|ARM = Release|ARM
		Release|iPhone = Release|iPhone
		Release|iPhoneSimulator = Release|iPhoneSimulator
		Release|x64 = Release|x64
		Release|x86 = Release|x86
	EndGlobalSection
	GlobalSection(ProjectConfigurationPlatforms) = postSolution
		{CCA06855-E0F2-4B20-AE03-A20A1FA3C8F1}.Debug|Any CPU.ActiveCfg = Debug|Any CPU
		{CCA06855-E0F2-4B20-AE03-A20A1FA3C8F1}.Debug|Any CPU.Build.0 = Debug|Any CPU
		{CCA06855-E0F2-4B20-AE03-A20A1FA3C8F1}.Debug|ARM.ActiveCfg = Debug|Any CPU
		{CCA06855-E0F2-4B20-AE03-A20A1FA3C8F1}.Debug|ARM.Build.0 = Debug|Any CPU
		{CCA06855-E0F2-4B20-AE03-A20A1FA3C8F1}.Debug|iPhone.ActiveCfg = Debug|Any CPU
		{CCA06855-E0F2-4B20-AE03-A20A1FA3C8F1}.Debug|iPhone.Build.0 = Debug|Any CPU
		{CCA06855-E0F2-4B20-AE03-A20A1FA3C8F1}.Debug|iPhoneSimulator.ActiveCfg = Debug|Any CPU
		{CCA06855-E0F2-4B20-AE03-A20A1FA3C8F1}.Debug|iPhoneSimulator.Build.0 = Debug|Any CPU
		{CCA06855-E0F2-4B20-AE03-A20A1FA3C8F1}.Debug|x64.ActiveCfg = Debug|Any CPU
		{CCA06855-E0F2-4B20-AE03-A20A1FA3C8F1}.Debug|x64.Build.0 = Debug|Any CPU
		{CCA06855-E0F2-4B20-AE03-A20A1FA3C8F1}.Debug|x86.ActiveCfg = Debug|Any CPU
		{CCA06855-E0F2-4B20-AE03-A20A1FA3C8F1}.Debug|x86.Build.0 = Debug|Any CPU
		{CCA06855-E0F2-4B20-AE03-A20A1FA3C8F1}.Release|Any CPU.ActiveCfg = Release|Any CPU
		{CCA06855-E0F2-4B20-AE03-A20A1FA3C8F1}.Release|Any CPU.Build.0 = Release|Any CPU
		{CCA06855-E0F2-4B20-AE03-A20A1FA3C8F1}.Release|ARM.ActiveCfg = Release|Any CPU
		{CCA06855-E0F2-4B20-AE03-A20A1FA3C8F1}.Release|ARM.Build.0 = Release|Any CPU
		{CCA06855-E0F2-4B20-AE03-A20A1FA3C8F1}.Release|iPhone.ActiveCfg = Release|Any CPU
		{CCA06855-E0F2-4B20-AE03-A20A1FA3C8F1}.Release|iPhone.Build.0 = Release|Any CPU
		{CCA06855-E0F2-4B20-AE03-A20A1FA3C8F1}.Release|iPhoneSimulator.ActiveCfg = Release|Any CPU
		{CCA06855-E0F2-4B20-AE03-A20A1FA3C8F1}.Release|iPhoneSimulator.Build.0 = Release|Any CPU
		{CCA06855-E0F2-4B20-AE03-A20A1FA3C8F1}.Release|x64.ActiveCfg = Release|Any CPU
		{CCA06855-E0F2-4B20-AE03-A20A1FA3C8F1}.Release|x64.Build.0 = Release|Any CPU
		{CCA06855-E0F2-4B20-AE03-A20A1FA3C8F1}.Release|x86.ActiveCfg = Release|Any CPU
		{CCA06855-E0F2-4B20-AE03-A20A1FA3C8F1}.Release|x86.Build.0 = Release|Any CPU
		{DE29745D-ACCA-4DF7-B8E2-64E4E4698A17}.Debug|Any CPU.ActiveCfg = Debug|Any CPU
		{DE29745D-ACCA-4DF7-B8E2-64E4E4698A17}.Debug|Any CPU.Build.0 = Debug|Any CPU
		{DE29745D-ACCA-4DF7-B8E2-64E4E4698A17}.Debug|ARM.ActiveCfg = Debug|Any CPU
		{DE29745D-ACCA-4DF7-B8E2-64E4E4698A17}.Debug|ARM.Build.0 = Debug|Any CPU
		{DE29745D-ACCA-4DF7-B8E2-64E4E4698A17}.Debug|iPhone.ActiveCfg = Debug|Any CPU
		{DE29745D-ACCA-4DF7-B8E2-64E4E4698A17}.Debug|iPhone.Build.0 = Debug|Any CPU
		{DE29745D-ACCA-4DF7-B8E2-64E4E4698A17}.Debug|iPhoneSimulator.ActiveCfg = Debug|Any CPU
		{DE29745D-ACCA-4DF7-B8E2-64E4E4698A17}.Debug|iPhoneSimulator.Build.0 = Debug|Any CPU
		{DE29745D-ACCA-4DF7-B8E2-64E4E4698A17}.Debug|x64.ActiveCfg = Debug|Any CPU
		{DE29745D-ACCA-4DF7-B8E2-64E4E4698A17}.Debug|x64.Build.0 = Debug|Any CPU
		{DE29745D-ACCA-4DF7-B8E2-64E4E4698A17}.Debug|x86.ActiveCfg = Debug|Any CPU
		{DE29745D-ACCA-4DF7-B8E2-64E4E4698A17}.Debug|x86.Build.0 = Debug|Any CPU
		{DE29745D-ACCA-4DF7-B8E2-64E4E4698A17}.Release|Any CPU.ActiveCfg = Release|Any CPU
		{DE29745D-ACCA-4DF7-B8E2-64E4E4698A17}.Release|Any CPU.Build.0 = Release|Any CPU
		{DE29745D-ACCA-4DF7-B8E2-64E4E4698A17}.Release|ARM.ActiveCfg = Release|Any CPU
		{DE29745D-ACCA-4DF7-B8E2-64E4E4698A17}.Release|ARM.Build.0 = Release|Any CPU
		{DE29745D-ACCA-4DF7-B8E2-64E4E4698A17}.Release|iPhone.ActiveCfg = Release|Any CPU
		{DE29745D-ACCA-4DF7-B8E2-64E4E4698A17}.Release|iPhone.Build.0 = Release|Any CPU
		{DE29745D-ACCA-4DF7-B8E2-64E4E4698A17}.Release|iPhoneSimulator.ActiveCfg = Release|Any CPU
		{DE29745D-ACCA-4DF7-B8E2-64E4E4698A17}.Release|iPhoneSimulator.Build.0 = Release|Any CPU
		{DE29745D-ACCA-4DF7-B8E2-64E4E4698A17}.Release|x64.ActiveCfg = Release|Any CPU
		{DE29745D-ACCA-4DF7-B8E2-64E4E4698A17}.Release|x64.Build.0 = Release|Any CPU
		{DE29745D-ACCA-4DF7-B8E2-64E4E4698A17}.Release|x86.ActiveCfg = Release|Any CPU
		{DE29745D-ACCA-4DF7-B8E2-64E4E4698A17}.Release|x86.Build.0 = Release|Any CPU
		{DDEB18BE-523C-43A9-AB57-903BD27F3B08}.Debug|Any CPU.ActiveCfg = Debug|Any CPU
		{DDEB18BE-523C-43A9-AB57-903BD27F3B08}.Debug|Any CPU.Build.0 = Debug|Any CPU
		{DDEB18BE-523C-43A9-AB57-903BD27F3B08}.Debug|ARM.ActiveCfg = Debug|Any CPU
		{DDEB18BE-523C-43A9-AB57-903BD27F3B08}.Debug|ARM.Build.0 = Debug|Any CPU
		{DDEB18BE-523C-43A9-AB57-903BD27F3B08}.Debug|iPhone.ActiveCfg = Debug|Any CPU
		{DDEB18BE-523C-43A9-AB57-903BD27F3B08}.Debug|iPhone.Build.0 = Debug|Any CPU
		{DDEB18BE-523C-43A9-AB57-903BD27F3B08}.Debug|iPhoneSimulator.ActiveCfg = Debug|Any CPU
		{DDEB18BE-523C-43A9-AB57-903BD27F3B08}.Debug|iPhoneSimulator.Build.0 = Debug|Any CPU
		{DDEB18BE-523C-43A9-AB57-903BD27F3B08}.Debug|x64.ActiveCfg = Debug|Any CPU
		{DDEB18BE-523C-43A9-AB57-903BD27F3B08}.Debug|x64.Build.0 = Debug|Any CPU
		{DDEB18BE-523C-43A9-AB57-903BD27F3B08}.Debug|x86.ActiveCfg = Debug|Any CPU
		{DDEB18BE-523C-43A9-AB57-903BD27F3B08}.Debug|x86.Build.0 = Debug|Any CPU
		{DDEB18BE-523C-43A9-AB57-903BD27F3B08}.Release|Any CPU.ActiveCfg = Release|Any CPU
		{DDEB18BE-523C-43A9-AB57-903BD27F3B08}.Release|Any CPU.Build.0 = Release|Any CPU
		{DDEB18BE-523C-43A9-AB57-903BD27F3B08}.Release|ARM.ActiveCfg = Release|Any CPU
		{DDEB18BE-523C-43A9-AB57-903BD27F3B08}.Release|ARM.Build.0 = Release|Any CPU
		{DDEB18BE-523C-43A9-AB57-903BD27F3B08}.Release|iPhone.ActiveCfg = Release|Any CPU
		{DDEB18BE-523C-43A9-AB57-903BD27F3B08}.Release|iPhone.Build.0 = Release|Any CPU
		{DDEB18BE-523C-43A9-AB57-903BD27F3B08}.Release|iPhoneSimulator.ActiveCfg = Release|Any CPU
		{DDEB18BE-523C-43A9-AB57-903BD27F3B08}.Release|iPhoneSimulator.Build.0 = Release|Any CPU
		{DDEB18BE-523C-43A9-AB57-903BD27F3B08}.Release|x64.ActiveCfg = Release|Any CPU
		{DDEB18BE-523C-43A9-AB57-903BD27F3B08}.Release|x64.Build.0 = Release|Any CPU
		{DDEB18BE-523C-43A9-AB57-903BD27F3B08}.Release|x86.ActiveCfg = Release|Any CPU
		{DDEB18BE-523C-43A9-AB57-903BD27F3B08}.Release|x86.Build.0 = Release|Any CPU
		{0DC12C28-541F-4225-BE84-A7570BD8D2E9}.Debug|Any CPU.ActiveCfg = Debug|x86
		{0DC12C28-541F-4225-BE84-A7570BD8D2E9}.Debug|ARM.ActiveCfg = Debug|ARM
		{0DC12C28-541F-4225-BE84-A7570BD8D2E9}.Debug|ARM.Build.0 = Debug|ARM
		{0DC12C28-541F-4225-BE84-A7570BD8D2E9}.Debug|ARM.Deploy.0 = Debug|ARM
		{0DC12C28-541F-4225-BE84-A7570BD8D2E9}.Debug|iPhone.ActiveCfg = Debug|x86
		{0DC12C28-541F-4225-BE84-A7570BD8D2E9}.Debug|iPhoneSimulator.ActiveCfg = Debug|x86
		{0DC12C28-541F-4225-BE84-A7570BD8D2E9}.Debug|x64.ActiveCfg = Debug|x64
		{0DC12C28-541F-4225-BE84-A7570BD8D2E9}.Debug|x64.Build.0 = Debug|x64
		{0DC12C28-541F-4225-BE84-A7570BD8D2E9}.Debug|x64.Deploy.0 = Debug|x64
		{0DC12C28-541F-4225-BE84-A7570BD8D2E9}.Debug|x86.ActiveCfg = Debug|x86
		{0DC12C28-541F-4225-BE84-A7570BD8D2E9}.Debug|x86.Build.0 = Debug|x86
		{0DC12C28-541F-4225-BE84-A7570BD8D2E9}.Debug|x86.Deploy.0 = Debug|x86
		{0DC12C28-541F-4225-BE84-A7570BD8D2E9}.Release|Any CPU.ActiveCfg = Release|x86
		{0DC12C28-541F-4225-BE84-A7570BD8D2E9}.Release|ARM.ActiveCfg = Release|ARM
		{0DC12C28-541F-4225-BE84-A7570BD8D2E9}.Release|ARM.Build.0 = Release|ARM
		{0DC12C28-541F-4225-BE84-A7570BD8D2E9}.Release|ARM.Deploy.0 = Release|ARM
		{0DC12C28-541F-4225-BE84-A7570BD8D2E9}.Release|iPhone.ActiveCfg = Release|x86
		{0DC12C28-541F-4225-BE84-A7570BD8D2E9}.Release|iPhoneSimulator.ActiveCfg = Release|x86
		{0DC12C28-541F-4225-BE84-A7570BD8D2E9}.Release|x64.ActiveCfg = Release|x64
		{0DC12C28-541F-4225-BE84-A7570BD8D2E9}.Release|x64.Build.0 = Release|x64
		{0DC12C28-541F-4225-BE84-A7570BD8D2E9}.Release|x64.Deploy.0 = Release|x64
		{0DC12C28-541F-4225-BE84-A7570BD8D2E9}.Release|x86.ActiveCfg = Release|x86
		{0DC12C28-541F-4225-BE84-A7570BD8D2E9}.Release|x86.Build.0 = Release|x86
		{0DC12C28-541F-4225-BE84-A7570BD8D2E9}.Release|x86.Deploy.0 = Release|x86
		{95DC4D89-0720-4227-8FC1-BB732ADB8E1C}.Debug|Any CPU.ActiveCfg = Debug|Any CPU
		{95DC4D89-0720-4227-8FC1-BB732ADB8E1C}.Debug|Any CPU.Build.0 = Debug|Any CPU
		{95DC4D89-0720-4227-8FC1-BB732ADB8E1C}.Debug|Any CPU.Deploy.0 = Debug|Any CPU
		{95DC4D89-0720-4227-8FC1-BB732ADB8E1C}.Debug|ARM.ActiveCfg = Debug|Any CPU
		{95DC4D89-0720-4227-8FC1-BB732ADB8E1C}.Debug|ARM.Build.0 = Debug|Any CPU
		{95DC4D89-0720-4227-8FC1-BB732ADB8E1C}.Debug|ARM.Deploy.0 = Debug|Any CPU
		{95DC4D89-0720-4227-8FC1-BB732ADB8E1C}.Debug|iPhone.ActiveCfg = Debug|Any CPU
		{95DC4D89-0720-4227-8FC1-BB732ADB8E1C}.Debug|iPhone.Build.0 = Debug|Any CPU
		{95DC4D89-0720-4227-8FC1-BB732ADB8E1C}.Debug|iPhone.Deploy.0 = Debug|Any CPU
		{95DC4D89-0720-4227-8FC1-BB732ADB8E1C}.Debug|iPhoneSimulator.ActiveCfg = Debug|Any CPU
		{95DC4D89-0720-4227-8FC1-BB732ADB8E1C}.Debug|iPhoneSimulator.Build.0 = Debug|Any CPU
		{95DC4D89-0720-4227-8FC1-BB732ADB8E1C}.Debug|iPhoneSimulator.Deploy.0 = Debug|Any CPU
		{95DC4D89-0720-4227-8FC1-BB732ADB8E1C}.Debug|x64.ActiveCfg = Debug|Any CPU
		{95DC4D89-0720-4227-8FC1-BB732ADB8E1C}.Debug|x64.Build.0 = Debug|Any CPU
		{95DC4D89-0720-4227-8FC1-BB732ADB8E1C}.Debug|x64.Deploy.0 = Debug|Any CPU
		{95DC4D89-0720-4227-8FC1-BB732ADB8E1C}.Debug|x86.ActiveCfg = Debug|Any CPU
		{95DC4D89-0720-4227-8FC1-BB732ADB8E1C}.Debug|x86.Build.0 = Debug|Any CPU
		{95DC4D89-0720-4227-8FC1-BB732ADB8E1C}.Debug|x86.Deploy.0 = Debug|Any CPU
		{95DC4D89-0720-4227-8FC1-BB732ADB8E1C}.Release|Any CPU.ActiveCfg = Release|Any CPU
		{95DC4D89-0720-4227-8FC1-BB732ADB8E1C}.Release|Any CPU.Build.0 = Release|Any CPU
		{95DC4D89-0720-4227-8FC1-BB732ADB8E1C}.Release|Any CPU.Deploy.0 = Release|Any CPU
		{95DC4D89-0720-4227-8FC1-BB732ADB8E1C}.Release|ARM.ActiveCfg = Release|Any CPU
		{95DC4D89-0720-4227-8FC1-BB732ADB8E1C}.Release|ARM.Build.0 = Release|Any CPU
		{95DC4D89-0720-4227-8FC1-BB732ADB8E1C}.Release|ARM.Deploy.0 = Release|Any CPU
		{95DC4D89-0720-4227-8FC1-BB732ADB8E1C}.Release|iPhone.ActiveCfg = Release|Any CPU
		{95DC4D89-0720-4227-8FC1-BB732ADB8E1C}.Release|iPhone.Build.0 = Release|Any CPU
		{95DC4D89-0720-4227-8FC1-BB732ADB8E1C}.Release|iPhone.Deploy.0 = Release|Any CPU
		{95DC4D89-0720-4227-8FC1-BB732ADB8E1C}.Release|iPhoneSimulator.ActiveCfg = Release|Any CPU
		{95DC4D89-0720-4227-8FC1-BB732ADB8E1C}.Release|iPhoneSimulator.Build.0 = Release|Any CPU
		{95DC4D89-0720-4227-8FC1-BB732ADB8E1C}.Release|iPhoneSimulator.Deploy.0 = Release|Any CPU
		{95DC4D89-0720-4227-8FC1-BB732ADB8E1C}.Release|x64.ActiveCfg = Release|Any CPU
		{95DC4D89-0720-4227-8FC1-BB732ADB8E1C}.Release|x64.Build.0 = Release|Any CPU
		{95DC4D89-0720-4227-8FC1-BB732ADB8E1C}.Release|x64.Deploy.0 = Release|Any CPU
		{95DC4D89-0720-4227-8FC1-BB732ADB8E1C}.Release|x86.ActiveCfg = Release|Any CPU
		{95DC4D89-0720-4227-8FC1-BB732ADB8E1C}.Release|x86.Build.0 = Release|Any CPU
		{95DC4D89-0720-4227-8FC1-BB732ADB8E1C}.Release|x86.Deploy.0 = Release|Any CPU
		{4FD51D24-AEC3-4DC2-B648-7F4AE5173BCA}.Debug|Any CPU.ActiveCfg = Debug|iPhone
		{4FD51D24-AEC3-4DC2-B648-7F4AE5173BCA}.Debug|ARM.ActiveCfg = Debug|iPhone
		{4FD51D24-AEC3-4DC2-B648-7F4AE5173BCA}.Debug|iPhone.ActiveCfg = Debug|iPhone
		{4FD51D24-AEC3-4DC2-B648-7F4AE5173BCA}.Debug|iPhone.Build.0 = Debug|iPhone
		{4FD51D24-AEC3-4DC2-B648-7F4AE5173BCA}.Debug|iPhoneSimulator.ActiveCfg = Debug|iPhoneSimulator
		{4FD51D24-AEC3-4DC2-B648-7F4AE5173BCA}.Debug|iPhoneSimulator.Build.0 = Debug|iPhoneSimulator
		{4FD51D24-AEC3-4DC2-B648-7F4AE5173BCA}.Debug|x64.ActiveCfg = Debug|iPhone
		{4FD51D24-AEC3-4DC2-B648-7F4AE5173BCA}.Debug|x86.ActiveCfg = Debug|iPhone
		{4FD51D24-AEC3-4DC2-B648-7F4AE5173BCA}.Release|Any CPU.ActiveCfg = Release|iPhone
		{4FD51D24-AEC3-4DC2-B648-7F4AE5173BCA}.Release|ARM.ActiveCfg = Release|iPhone
		{4FD51D24-AEC3-4DC2-B648-7F4AE5173BCA}.Release|iPhone.ActiveCfg = Release|iPhone
		{4FD51D24-AEC3-4DC2-B648-7F4AE5173BCA}.Release|iPhone.Build.0 = Release|iPhone
		{4FD51D24-AEC3-4DC2-B648-7F4AE5173BCA}.Release|iPhoneSimulator.ActiveCfg = Release|iPhoneSimulator
		{4FD51D24-AEC3-4DC2-B648-7F4AE5173BCA}.Release|iPhoneSimulator.Build.0 = Release|iPhoneSimulator
		{4FD51D24-AEC3-4DC2-B648-7F4AE5173BCA}.Release|x64.ActiveCfg = Release|iPhone
		{4FD51D24-AEC3-4DC2-B648-7F4AE5173BCA}.Release|x86.ActiveCfg = Release|iPhone
		{ADE7F721-65A4-4CB1-A46A-AF9866F2AC51}.Debug|Any CPU.ActiveCfg = Debug|Any CPU
		{ADE7F721-65A4-4CB1-A46A-AF9866F2AC51}.Debug|Any CPU.Build.0 = Debug|Any CPU
		{ADE7F721-65A4-4CB1-A46A-AF9866F2AC51}.Debug|ARM.ActiveCfg = Debug|Any CPU
		{ADE7F721-65A4-4CB1-A46A-AF9866F2AC51}.Debug|ARM.Build.0 = Debug|Any CPU
		{ADE7F721-65A4-4CB1-A46A-AF9866F2AC51}.Debug|iPhone.ActiveCfg = Debug|Any CPU
		{ADE7F721-65A4-4CB1-A46A-AF9866F2AC51}.Debug|iPhone.Build.0 = Debug|Any CPU
		{ADE7F721-65A4-4CB1-A46A-AF9866F2AC51}.Debug|iPhoneSimulator.ActiveCfg = Debug|Any CPU
		{ADE7F721-65A4-4CB1-A46A-AF9866F2AC51}.Debug|iPhoneSimulator.Build.0 = Debug|Any CPU
		{ADE7F721-65A4-4CB1-A46A-AF9866F2AC51}.Debug|x64.ActiveCfg = Debug|Any CPU
		{ADE7F721-65A4-4CB1-A46A-AF9866F2AC51}.Debug|x64.Build.0 = Debug|Any CPU
		{ADE7F721-65A4-4CB1-A46A-AF9866F2AC51}.Debug|x86.ActiveCfg = Debug|Any CPU
		{ADE7F721-65A4-4CB1-A46A-AF9866F2AC51}.Debug|x86.Build.0 = Debug|Any CPU
		{ADE7F721-65A4-4CB1-A46A-AF9866F2AC51}.Release|Any CPU.ActiveCfg = Release|Any CPU
		{ADE7F721-65A4-4CB1-A46A-AF9866F2AC51}.Release|Any CPU.Build.0 = Release|Any CPU
		{ADE7F721-65A4-4CB1-A46A-AF9866F2AC51}.Release|ARM.ActiveCfg = Release|Any CPU
		{ADE7F721-65A4-4CB1-A46A-AF9866F2AC51}.Release|ARM.Build.0 = Release|Any CPU
		{ADE7F721-65A4-4CB1-A46A-AF9866F2AC51}.Release|iPhone.ActiveCfg = Release|Any CPU
		{ADE7F721-65A4-4CB1-A46A-AF9866F2AC51}.Release|iPhone.Build.0 = Release|Any CPU
		{ADE7F721-65A4-4CB1-A46A-AF9866F2AC51}.Release|iPhoneSimulator.ActiveCfg = Release|Any CPU
		{ADE7F721-65A4-4CB1-A46A-AF9866F2AC51}.Release|iPhoneSimulator.Build.0 = Release|Any CPU
		{ADE7F721-65A4-4CB1-A46A-AF9866F2AC51}.Release|x64.ActiveCfg = Release|Any CPU
		{ADE7F721-65A4-4CB1-A46A-AF9866F2AC51}.Release|x64.Build.0 = Release|Any CPU
		{ADE7F721-65A4-4CB1-A46A-AF9866F2AC51}.Release|x86.ActiveCfg = Release|Any CPU
		{ADE7F721-65A4-4CB1-A46A-AF9866F2AC51}.Release|x86.Build.0 = Release|Any CPU
	EndGlobalSection
	GlobalSection(SolutionProperties) = preSolution
		HideSolutionNode = FALSE
	EndGlobalSection
	GlobalSection(ExtensibilityGlobals) = postSolution
		SolutionGuid = {C68172DC-39FE-4F1F-9206-E3AEE9008C2C}
	EndGlobalSection
EndGlobal
